{
    "name": "test",
    "lockfileVersion": 3,
    "requires": true,
    "packages": {
        "": {
            "devDependencies": {
                "@types/node": "^20.5.7"
            }
        },
        "node_modules/@types/node": {
            "version": "20.16.9",
            "resolved": "https://msazure.pkgs.visualstudio.com/_packaging/AzurePortal/npm/registry/@types/node/-/node-20.16.9.tgz",
            "integrity": "sha1-EhfGzHfE86r0psdvtWt5DoHkgSA=",
            "dev": true,
            "license": "MIT",
            "dependencies": {
                "undici-types": "~6.19.2"
            }
        },
        "node_modules/undici-types": {
            "version": "6.19.8",
            "resolved": "https://msazure.pkgs.visualstudio.com/_packaging/AzurePortal/npm/registry/undici-types/-/undici-types-6.19.8.tgz",
            "integrity": "sha1-NREcnRQ3q4OnzcCrri8m2I7aCgI=",
            "dev": true,
            "license": "MIT"
        }
    }
}
